
Microsoft Visual Studio Solution File, Format Version 12.00
# Visual Studio Version 17
VisualStudioVersion = 17.11.35222.181
MinimumVisualStudioVersion = 10.0.40219.1
Project("{FAE04EC0-301F-11D3-BF4B-00C04F79EFBC}") = "week7day2", "week7day2.csproj", "{BDEC1912-3CE9-4F2F-8A4D-FC34239E5DCB}"
EndProject
Global
	GlobalSection(SolutionConfigurationPlatforms) = preSolution
		Debug|Any CPU = Debug|Any CPU
		Release|Any CPU = Release|Any CPU
	EndGlobalSection
	GlobalSection(ProjectConfigurationPlatforms) = postSolution
		{BDEC1912-3CE9-4F2F-8A4D-FC34239E5DCB}.Debug|Any CPU.ActiveCfg = Debug|Any CPU
		{BDEC1912-3CE9-4F2F-8A4D-FC34239E5DCB}.Debug|Any CPU.Build.0 = Debug|Any CPU
		{BDEC1912-3CE9-4F2F-8A4D-FC34239E5DCB}.Release|Any CPU.ActiveCfg = Release|Any CPU
		{BDEC1912-3CE9-4F2F-8A4D-FC34239E5DCB}.Release|Any CPU.Build.0 = Release|Any CPU
	EndGlobalSection
	GlobalSection(SolutionProperties) = preSolution
		HideSolutionNode = FALSE
	EndGlobalSection
	GlobalSection(ExtensibilityGlobals) = postSolution
		SolutionGuid = {B57E563D-F8CE-4485-9125-7E8B25FE2180}
	EndGlobalSection
EndGlobal
